// !$*UTF8*$!
{
	archiveVersion = 1;
	classes = {
	};
	objectVersion = 48;
	objects = {

/* Begin PBXBuildFile section */
		D6F3B0AF214064EA00DA90A8 /* AppDelegate.swift in Sources */ = {isa = PBXBuildFile; fileRef = D6F3B0AE214064EA00DA90A8 /* AppDelegate.swift */; };
		D6F3B0B1214064EA00DA90A8 /* ViewController.swift in Sources */ = {isa = PBXBuildFile; fileRef = D6F3B0B0214064EA00DA90A8 /* ViewController.swift */; };
		D6F3B0B4214064EA00DA90A8 /* Main.storyboard in Resources */ = {isa = PBXBuildFile; fileRef = D6F3B0B2214064EA00DA90A8 /* Main.storyboard */; };
		D6F3B0B6214064EA00DA90A8 /* Assets.xcassets in Resources */ = {isa = PBXBuildFile; fileRef = D6F3B0B5214064EA00DA90A8 /* Assets.xcassets */; };
		D6F3B0B9214064EA00DA90A8 /* LaunchScreen.storyboard in Resources */ = {isa = PBXBuildFile; fileRef = D6F3B0B7214064EA00DA90A8 /* LaunchScreen.storyboard */; };
		D6F3B0C4214064EA00DA90A8 /* You_are_AwesomeTests.swift in Sources */ = {isa = PBXBuildFile; fileRef = D6F3B0C3214064EA00DA90A8 /* You_are_AwesomeTests.swift */; };
		D6F3B0CF214064EA00DA90A8 /* You_are_AwesomeUITests.swift in Sources */ = {isa = PBXBuildFile; fileRef = D6F3B0CE214064EA00DA90A8 /* You_are_AwesomeUITests.swift */; };
/* End PBXBuildFile section */

/* Begin PBXContainerItemProxy section */
		D6F3B0C0214064EA00DA90A8 /* PBXContainerItemProxy */ = {
			isa = PBXContainerItemProxy;
			containerPortal = D6F3B0A3214064E900DA90A8 /* Project object */;
			proxyType = 1;
			remoteGlobalIDString = D6F3B0AA214064EA00DA90A8;
			remoteInfo = "You are Awesome";
		};
		D6F3B0CB214064EA00DA90A8 /* PBXContainerItemProxy */ = {
			isa = PBXContainerItemProxy;
			containerPortal = D6F3B0A3214064E900DA90A8 /* Project object */;
			proxyType = 1;
			remoteGlobalIDString = D6F3B0AA214064EA00DA90A8;
			remoteInfo = "You are Awesome";
		};
/* End PBXContainerItemProxy section */

/* Begin PBXFileReference section */
		D6F3B0AB214064EA00DA90A8 /* You are Awesome.app */ = {isa = PBXFileReference; explicitFileType = wrapper.application; includeInIndex = 0; path = "You are Awesome.app"; sourceTree = BUILT_PRODUCTS_DIR; };
		D6F3B0AE214064EA00DA90A8 /* AppDelegate.swift */ = {isa = PBXFileReference; lastKnownFileType = sourcecode.swift; path = AppDelegate.swift; sourceTree = "<group>"; };
		D6F3B0B0214064EA00DA90A8 /* ViewController.swift */ = {isa = PBXFileReference; lastKnownFileType = sourcecode.swift; path = ViewController.swift; sourceTree = "<group>"; };
		D6F3B0B3214064EA00DA90A8 /* Base */ = {isa = PBXFileReference; lastKnownFileType = file.storyboard; name = Base; path = Base.lproj/Main.storyboard; sourceTree = "<group>"; };
		D6F3B0B5214064EA00DA90A8 /* Assets.xcassets */ = {isa = PBXFileReference; lastKnownFileType = folder.assetcatalog; path = Assets.xcassets; sourceTree = "<group>"; };
		D6F3B0B8214064EA00DA90A8 /* Base */ = {isa = PBXFileReference; lastKnownFileType = file.storyboard; name = Base; path = Base.lproj/LaunchScreen.storyboard; sourceTree = "<group>"; };
		D6F3B0BA214064EA00DA90A8 /* Info.plist */ = {isa = PBXFileReference; lastKnownFileType = text.plist.xml; path = Info.plist; sourceTree = "<group>"; };
		D6F3B0BF214064EA00DA90A8 /* You are AwesomeTests.xctest */ = {isa = PBXFileReference; explicitFileType = wrapper.cfbundle; includeInIndex = 0; path = "You are AwesomeTests.xctest"; sourceTree = BUILT_PRODUCTS_DIR; };
		D6F3B0C3214064EA00DA90A8 /* You_are_AwesomeTests.swift */ = {isa = PBXFileReference; lastKnownFileType = sourcecode.swift; path = You_are_AwesomeTests.swift; sourceTree = "<group>"; };
		D6F3B0C5214064EA00DA90A8 /* Info.plist */ = {isa = PBXFileReference; lastKnownFileType = text.plist.xml; path = Info.plist; sourceTree = "<group>"; };
		D6F3B0CA214064EA00DA90A8 /* You are AwesomeUITests.xctest */ = {isa = PBXFileReference; explicitFileType = wrapper.cfbundle; includeInIndex = 0; path = "You are AwesomeUITests.xctest"; sourceTree = BUILT_PRODUCTS_DIR; };
		D6F3B0CE214064EA00DA90A8 /* You_are_AwesomeUITests.swift */ = {isa = PBXFileReference; lastKnownFileType = sourcecode.swift; path = You_are_AwesomeUITests.swift; sourceTree = "<group>"; };
		D6F3B0D0214064EA00DA90A8 /* Info.plist */ = {isa = PBXFileReference; lastKnownFileType = text.plist.xml; path = Info.plist; sourceTree = "<group>"; };
/* End PBXFileReference section */

/* Begin PBXFrameworksBuildPhase section */
		D6F3B0A8214064EA00DA90A8 /* Frameworks */ = {
			isa = PBXFrameworksBuildPhase;
			buildActionMask = 2147483647;
			files = (
			);
			runOnlyForDeploymentPostprocessing = 0;
		};
		D6F3B0BC214064EA00DA90A8 /* Frameworks */ = {
			isa = PBXFrameworksBuildPhase;
			buildActionMask = 2147483647;
			files = (
			);
			runOnlyForDeploymentPostprocessing = 0;
		};
		D6F3B0C7214064EA00DA90A8 /* Frameworks */ = {
			isa = PBXFrameworksBuildPhase;
			buildActionMask = 2147483647;
			files = (
			);
			runOnlyForDeploymentPostprocessing = 0;
		};
/* End PBXFrameworksBuildPhase section */

/* Begin PBXGroup section */
		D6F3B0A2214064E900DA90A8 = {
			isa = PBXGroup;
			children = (
				D6F3B0AD214064EA00DA90A8 /* You are Awesome */,
				D6F3B0C2214064EA00DA90A8 /* You are AwesomeTests */,
				D6F3B0CD214064EA00DA90A8 /* You are AwesomeUITests */,
				D6F3B0AC214064EA00DA90A8 /* Products */,
			);
			sourceTree = "<group>";
		};
		D6F3B0AC214064EA00DA90A8 /* Products */ = {
			isa = PBXGroup;
			children = (
				D6F3B0AB214064EA00DA90A8 /* You are Awesome.app */,
				D6F3B0BF214064EA00DA90A8 /* You are AwesomeTests.xctest */,
				D6F3B0CA214064EA00DA90A8 /* You are AwesomeUITests.xctest */,
			);
			name = Products;
			sourceTree = "<group>";
		};
		D6F3B0AD214064EA00DA90A8 /* You are Awesome */ = {
			isa = PBXGroup;
			children = (
				D6F3B0AE214064EA00DA90A8 /* AppDelegate.swift */,
				D6F3B0B0214064EA00DA90A8 /* ViewController.swift */,
				D6F3B0B2214064EA00DA90A8 /* Main.storyboard */,
				D6F3B0B5214064EA00DA90A8 /* Assets.xcassets */,
				D6F3B0B7214064EA00DA90A8 /* LaunchScreen.storyboard */,
				D6F3B0BA214064EA00DA90A8 /* Info.plist */,
			);
			path = "You are Awesome";
			sourceTree = "<group>";
		};
		D6F3B0C2214064EA00DA90A8 /* You are AwesomeTests */ = {
			isa = PBXGroup;
			children = (
				D6F3B0C3214064EA00DA90A8 /* You_are_AwesomeTests.swift */,
				D6F3B0C5214064EA00DA90A8 /* Info.plist */,
			);
			path = "You are AwesomeTests";
			sourceTree = "<group>";
		};
		D6F3B0CD214064EA00DA90A8 /* You are AwesomeUITests */ = {
			isa = PBXGroup;
			children = (
				D6F3B0CE214064EA00DA90A8 /* You_are_AwesomeUITests.swift */,
				D6F3B0D0214064EA00DA90A8 /* Info.plist */,
			);
			path = "You are AwesomeUITests";
			sourceTree = "<group>";
		};
/* End PBXGroup section */

/* Begin PBXNativeTarget section */
		D6F3B0AA214064EA00DA90A8 /* You are Awesome */ = {
			isa = PBXNativeTarget;
			buildConfigurationList = D6F3B0D3214064EA00DA90A8 /* Build configuration list for PBXNativeTarget "You are Awesome" */;
			buildPhases = (
				D6F3B0A7214064EA00DA90A8 /* Sources */,
				D6F3B0A8214064EA00DA90A8 /* Frameworks */,
				D6F3B0A9214064EA00DA90A8 /* Resources */,
			);
			buildRules = (
			);
			dependencies = (
			);
			name = "You are Awesome";
			productName = "You are Awesome";
			productReference = D6F3B0AB214064EA00DA90A8 /* You are Awesome.app */;
			productType = "com.apple.product-type.application";
		};
		D6F3B0BE214064EA00DA90A8 /* You are AwesomeTests */ = {
			isa = PBXNativeTarget;
			buildConfigurationList = D6F3B0D6214064EA00DA90A8 /* Build configuration list for PBXNativeTarget "You are AwesomeTests" */;
			buildPhases = (
				D6F3B0BB214064EA00DA90A8 /* Sources */,
				D6F3B0BC214064EA00DA90A8 /* Frameworks */,
				D6F3B0BD214064EA00DA90A8 /* Resources */,
			);
			buildRules = (
			);
			dependencies = (
				D6F3B0C1214064EA00DA90A8 /* PBXTargetDependency */,
			);
			name = "You are AwesomeTests";
			productName = "You are AwesomeTests";
			productReference = D6F3B0BF214064EA00DA90A8 /* You are AwesomeTests.xctest */;
			productType = "com.apple.product-type.bundle.unit-test";
		};
		D6F3B0C9214064EA00DA90A8 /* You are AwesomeUITests */ = {
			isa = PBXNativeTarget;
			buildConfigurationList = D6F3B0D9214064EA00DA90A8 /* Build configuration list for PBXNativeTarget "You are AwesomeUITests" */;
			buildPhases = (
				D6F3B0C6214064EA00DA90A8 /* Sources */,
				D6F3B0C7214064EA00DA90A8 /* Frameworks */,
				D6F3B0C8214064EA00DA90A8 /* Resources */,
			);
			buildRules = (
			);
			dependencies = (
				D6F3B0CC214064EA00DA90A8 /* PBXTargetDependency */,
			);
			name = "You are AwesomeUITests";
			productName = "You are AwesomeUITests";
			productReference = D6F3B0CA214064EA00DA90A8 /* You are AwesomeUITests.xctest */;
			productType = "com.apple.product-type.bundle.ui-testing";
		};
/* End PBXNativeTarget section */

/* Begin PBXProject section */
		D6F3B0A3214064E900DA90A8 /* Project object */ = {
			isa = PBXProject;
			attributes = {
				LastSwiftUpdateCheck = 0920;
				LastUpgradeCheck = 0920;
				ORGANIZATIONNAME = "BC Swift Student Loan 2";
				TargetAttributes = {
					D6F3B0AA214064EA00DA90A8 = {
						CreatedOnToolsVersion = 9.2;
						ProvisioningStyle = Automatic;
					};
					D6F3B0BE214064EA00DA90A8 = {
						CreatedOnToolsVersion = 9.2;
						ProvisioningStyle = Automatic;
						TestTargetID = D6F3B0AA214064EA00DA90A8;
					};
					D6F3B0C9214064EA00DA90A8 = {
						CreatedOnToolsVersion = 9.2;
						ProvisioningStyle = Automatic;
						TestTargetID = D6F3B0AA214064EA00DA90A8;
					};
				};
			};
			buildConfigurationList = D6F3B0A6214064E900DA90A8 /* Build configuration list for PBXProject "You are Awesome" */;
			compatibilityVersion = "Xcode 8.0";
			developmentRegion = en;
			hasScannedForEncodings = 0;
			knownRegions = (
				en,
				Base,
			);
			mainGroup = D6F3B0A2214064E900DA90A8;
			productRefGroup = D6F3B0AC214064EA00DA90A8 /* Products */;
			projectDirPath = "";
			projectRoot = "";
			targets = (
				D6F3B0AA214064EA00DA90A8 /* You are Awesome */,
				D6F3B0BE214064EA00DA90A8 /* You are AwesomeTests */,
				D6F3B0C9214064EA00DA90A8 /* You are AwesomeUITests */,
			);
		};
/* End PBXProject section */

/* Begin PBXResourcesBuildPhase section */
		D6F3B0A9214064EA00DA90A8 /* Resources */ = {
			isa = PBXResourcesBuildPhase;
			buildActionMask = 2147483647;
			files = (
				D6F3B0B9214064EA00DA90A8 /* LaunchScreen.storyboard in Resources */,
				D6F3B0B6214064EA00DA90A8 /* Assets.xcassets in Resources */,
				D6F3B0B4214064EA00DA90A8 /* Main.storyboard in Resources */,
			);
			runOnlyForDeploymentPostprocessing = 0;
		};
		D6F3B0BD214064EA00DA90A8 /* Resources */ = {
			isa = PBXResourcesBuildPhase;
			buildActionMask = 2147483647;
			files = (
			);
			runOnlyForDeploymentPostprocessing = 0;
		};
		D6F3B0C8214064EA00DA90A8 /* Resources */ = {
			isa = PBXResourcesBuildPhase;
			buildActionMask = 2147483647;
			files = (
			);
			runOnlyForDeploymentPostprocessing = 0;
		};
/* End PBXResourcesBuildPhase section */

/* Begin PBXSourcesBuildPhase section */
		D6F3B0A7214064EA00DA90A8 /* Sources */ = {
			isa = PBXSourcesBuildPhase;
			buildActionMask = 2147483647;
			files = (
				D6F3B0B1214064EA00DA90A8 /* ViewController.swift in Sources */,
				D6F3B0AF214064EA00DA90A8 /* AppDelegate.swift in Sources */,
			);
			runOnlyForDeploymentPostprocessing = 0;
		};
		D6F3B0BB214064EA00DA90A8 /* Sources */ = {
			isa = PBXSourcesBuildPhase;
			buildActionMask = 2147483647;
			files = (
				D6F3B0C4214064EA00DA90A8 /* You_are_AwesomeTests.swift in Sources */,
			);
			runOnlyForDeploymentPostprocessing = 0;
		};
		D6F3B0C6214064EA00DA90A8 /* Sources */ = {
			isa = PBXSourcesBuildPhase;
			buildActionMask = 2147483647;
			files = (
				D6F3B0CF214064EA00DA90A8 /* You_are_AwesomeUITests.swift in Sources */,
			);
			runOnlyForDeploymentPostprocessing = 0;
		};
/* End PBXSourcesBuildPhase section */

/* Begin PBXTargetDependency section */
		D6F3B0C1214064EA00DA90A8 /* PBXTargetDependency */ = {
			isa = PBXTargetDependency;
			target = D6F3B0AA214064EA00DA90A8 /* You are Awesome */;
			targetProxy = D6F3B0C0214064EA00DA90A8 /* PBXContainerItemProxy */;
		};
		D6F3B0CC214064EA00DA90A8 /* PBXTargetDependency */ = {
			isa = PBXTargetDependency;
			target = D6F3B0AA214064EA00DA90A8 /* You are Awesome */;
			targetProxy = D6F3B0CB214064EA00DA90A8 /* PBXContainerItemProxy */;
		};
/* End PBXTargetDependency section */

/* Begin PBXVariantGroup section */
		D6F3B0B2214064EA00DA90A8 /* Main.storyboard */ = {
			isa = PBXVariantGroup;
			children = (
				D6F3B0B3214064EA00DA90A8 /* Base */,
			);
			name = Main.storyboard;
			sourceTree = "<group>";
		};
		D6F3B0B7214064EA00DA90A8 /* LaunchScreen.storyboard */ = {
			isa = PBXVariantGroup;
			children = (
				D6F3B0B8214064EA00DA90A8 /* Base */,
			);
			name = LaunchScreen.storyboard;
			sourceTree = "<group>";
		};
/* End PBXVariantGroup section */

/* Begin XCBuildConfiguration section */
		D6F3B0D1214064EA00DA90A8 /* Debug */ = {
			isa = XCBuildConfiguration;
			buildSettings = {
				ALWAYS_SEARCH_USER_PATHS = NO;
				CLANG_ANALYZER_NONNULL = YES;
				CLANG_ANALYZER_NUMBER_OBJECT_CONVERSION = YES_AGGRESSIVE;
				CLANG_CXX_LANGUAGE_STANDARD = "gnu++14";
				CLANG_CXX_LIBRARY = "libc++";
				CLANG_ENABLE_MODULES = YES;
				CLANG_ENABLE_OBJC_ARC = YES;
				CLANG_WARN_BLOCK_CAPTURE_AUTORELEASING = YES;
				CLANG_WARN_BOOL_CONVERSION = YES;
				CLANG_WARN_COMMA = YES;
				CLANG_WARN_CONSTANT_CONVERSION = YES;
				CLANG_WARN_DIRECT_OBJC_ISA_USAGE = YES_ERROR;
				CLANG_WARN_DOCUMENTATION_COMMENTS = YES;
				CLANG_WARN_EMPTY_BODY = YES;
				CLANG_WARN_ENUM_CONVERSION = YES;
				CLANG_WARN_INFINITE_RECURSION = YES;
				CLANG_WARN_INT_CONVERSION = YES;
				CLANG_WARN_NON_LITERAL_NULL_CONVERSION = YES;
				CLANG_WARN_OBJC_LITERAL_CONVERSION = YES;
				CLANG_WARN_OBJC_ROOT_CLASS = YES_ERROR;
				CLANG_WARN_RANGE_LOOP_ANALYSIS = YES;
				CLANG_WARN_STRICT_PROTOTYPES = YES;
				CLANG_WARN_SUSPICIOUS_MOVE = YES;
				CLANG_WARN_UNGUARDED_AVAILABILITY = YES_AGGRESSIVE;
				CLANG_WARN_UNREACHABLE_CODE = YES;
				CLANG_WARN__DUPLICATE_METHOD_MATCH = YES;
				CODE_SIGN_IDENTITY = "iPhone Developer";
				COPY_PHASE_STRIP = NO;
				DEBUG_INFORMATION_FORMAT = dwarf;
				ENABLE_STRICT_OBJC_MSGSEND = YES;
				ENABLE_TESTABILITY = YES;
				GCC_C_LANGUAGE_STANDARD = gnu11;
				GCC_DYNAMIC_NO_PIC = NO;
				GCC_NO_COMMON_BLOCKS = YES;
				GCC_OPTIMIZATION_LEVEL = 0;
				GCC_PREPROCESSOR_DEFINITIONS = (
					"DEBUG=1",
					"$(inherited)",
				);
				GCC_WARN_64_TO_32_BIT_CONVERSION = YES;
				GCC_WARN_ABOUT_RETURN_TYPE = YES_ERROR;
				GCC_WARN_UNDECLARED_SELECTOR = YES;
				GCC_WARN_UNINITIALIZED_AUTOS = YES_AGGRESSIVE;
				GCC_WARN_UNUSED_FUNCTION = YES;
				GCC_WARN_UNUSED_VARIABLE = YES;
				IPHONEOS_DEPLOYMENT_TARGET = 11.2;
				MTL_ENABLE_DEBUG_INFO = YES;
				ONLY_ACTIVE_ARCH = YES;
				SDKROOT = iphoneos;
				SWIFT_ACTIVE_COMPILATION_CONDITIONS = DEBUG;
				SWIFT_OPTIMIZATION_LEVEL = "-Onone";
			};
			name = Debug;
		};
		D6F3B0D2214064EA00DA90A8 /* Release */ = {
			isa = XCBuildConfiguration;
			buildSettings = {
				ALWAYS_SEARCH_USER_PATHS = NO;
				CLANG_ANALYZER_NONNULL = YES;
				CLANG_ANALYZER_NUMBER_OBJECT_CONVERSION = YES_AGGRESSIVE;
				CLANG_CXX_LANGUAGE_STANDARD = "gnu++14";
				CLANG_CXX_LIBRARY = "libc++";
				CLANG_ENABLE_MODULES = YES;
				CLANG_ENABLE_OBJC_ARC = YES;
				CLANG_WARN_BLOCK_CAPTURE_AUTORELEASING = YES;
				CLANG_WARN_BOOL_CONVERSION = YES;
				CLANG_WARN_COMMA = YES;
				CLANG_WARN_CONSTANT_CONVERSION = YES;
				CLANG_WARN_DIRECT_OBJC_ISA_USAGE = YES_ERROR;
				CLANG_WARN_DOCUMENTATION_COMMENTS = YES;
				CLANG_WARN_EMPTY_BODY = YES;
				CLANG_WARN_ENUM_CONVERSION = YES;
				CLANG_WARN_INFINITE_RECURSION = YES;
				CLANG_WARN_INT_CONVERSION = YES;
				CLANG_WARN_NON_LITERAL_NULL_CONVERSION = YES;
				CLANG_WARN_OBJC_LITERAL_CONVERSION = YES;
				CLANG_WARN_OBJC_ROOT_CLASS = YES_ERROR;
				CLANG_WARN_RANGE_LOOP_ANALYSIS = YES;
				CLANG_WARN_STRICT_PROTOTYPES = YES;
				CLANG_WARN_SUSPICIOUS_MOVE = YES;
				CLANG_WARN_UNGUARDED_AVAILABILITY = YES_AGGRESSIVE;
				CLANG_WARN_UNREACHABLE_CODE = YES;
				CLANG_WARN__DUPLICATE_METHOD_MATCH = YES;
				CODE_SIGN_IDENTITY = "iPhone Developer";
				COPY_PHASE_STRIP = NO;
				DEBUG_INFORMATION_FORMAT = "dwarf-with-dsym";
				ENABLE_NS_ASSERTIONS = NO;
				ENABLE_STRICT_OBJC_MSGSEND = YES;
				GCC_C_LANGUAGE_STANDARD = gnu11;
				GCC_NO_COMMON_BLOCKS = YES;
				GCC_WARN_64_TO_32_BIT_CONVERSION = YES;
				GCC_WARN_ABOUT_RETURN_TYPE = YES_ERROR;
				GCC_WARN_UNDECLARED_SELECTOR = YES;
				GCC_WARN_UNINITIALIZED_AUTOS = YES_AGGRESSIVE;
				GCC_WARN_UNUSED_FUNCTION = YES;
				GCC_WARN_UNUSED_VARIABLE = YES;
				IPHONEOS_DEPLOYMENT_TARGET = 11.2;
				MTL_ENABLE_DEBUG_INFO = NO;
				SDKROOT = iphoneos;
				SWIFT_OPTIMIZATION_LEVEL = "-Owholemodule";
				VALIDATE_PRODUCT = YES;
			};
			name = Release;
		};
		D6F3B0D4214064EA00DA90A8 /* Debug */ = {
			isa = XCBuildConfiguration;
			buildSettings = {
				ASSETCATALOG_COMPILER_APPICON_NAME = AppIcon;
				CODE_SIGN_STYLE = Automatic;
				INFOPLIST_FILE = "You are Awesome/Info.plist";
				LD_RUNPATH_SEARCH_PATHS = "$(inherited) @executable_path/Frameworks";
				PRODUCT_BUNDLE_IDENTIFIER = "Jacqueline-Han.You-are-Awesome";
				PRODUCT_NAME = "$(TARGET_NAME)";
				SWIFT_VERSION = 4.0;
				TARGETED_DEVICE_FAMILY = "1,2";
			};
			name = Debug;
		};
		D6F3B0D5214064EA00DA90A8 /* Release */ = {
			isa = XCBuildConfiguration;
			buildSettings = {
				ASSETCATALOG_COMPILER_APPICON_NAME = AppIcon;
				CODE_SIGN_STYLE = Automatic;
				INFOPLIST_FILE = "You are Awesome/Info.plist";
				LD_RUNPATH_SEARCH_PATHS = "$(inherited) @executable_path/Frameworks";
				PRODUCT_BUNDLE_IDENTIFIER = "Jacqueline-Han.You-are-Awesome";
				PRODUCT_NAME = "$(TARGET_NAME)";
				SWIFT_VERSION = 4.0;
				TARGETED_DEVICE_FAMILY = "1,2";
			};
			name = Release;
		};
		D6F3B0D7214064EA00DA90A8 /* Debug */ = {
			isa = XCBuildConfiguration;
			buildSettings = {
				ALWAYS_EMBED_SWIFT_STANDARD_LIBRARIES = YES;
				BUNDLE_LOADER = "$(TEST_HOST)";
				CODE_SIGN_STYLE = Automatic;
				INFOPLIST_FILE = "You are AwesomeTests/Info.plist";
				LD_RUNPATH_SEARCH_PATHS = "$(inherited) @executable_path/Frameworks @loader_path/Frameworks";
				PRODUCT_BUNDLE_IDENTIFIER = "Jacqueline-Han.You-are-AwesomeTests";
				PRODUCT_NAME = "$(TARGET_NAME)";
				SWIFT_VERSION = 4.0;
				TARGETED_DEVICE_FAMILY = "1,2";
				TEST_HOST = "$(BUILT_PRODUCTS_DIR)/You are Awesome.app/You are Awesome";
			};
			name = Debug;
		};
		D6F3B0D8214064EA00DA90A8 /* Release */ = {
			isa = XCBuildConfiguration;
			buildSettings = {
				ALWAYS_EMBED_SWIFT_STANDARD_LIBRARIES = YES;
				BUNDLE_LOADER = "$(TEST_HOST)";
				CODE_SIGN_STYLE = Automatic;
				INFOPLIST_FILE = "You are AwesomeTests/Info.plist";
				LD_RUNPATH_SEARCH_PATHS = "$(inherited) @executable_path/Frameworks @loader_path/Frameworks";
				PRODUCT_BUNDLE_IDENTIFIER = "Jacqueline-Han.You-are-AwesomeTests";
				PRODUCT_NAME = "$(TARGET_NAME)";
				SWIFT_VERSION = 4.0;
				TARGETED_DEVICE_FAMILY = "1,2";
				TEST_HOST = "$(BUILT_PRODUCTS_DIR)/You are Awesome.app/You are Awesome";
			};
			name = Release;
		};
		D6F3B0DA214064EA00DA90A8 /* Debug */ = {
			isa = XCBuildConfiguration;
			buildSettings = {
				ALWAYS_EMBED_SWIFT_STANDARD_LIBRARIES = YES;
				CODE_SIGN_STYLE = Automatic;
				INFOPLIST_FILE = "You are AwesomeUITests/Info.plist";
				LD_RUNPATH_SEARCH_PATHS = "$(inherited) @executable_path/Frameworks @loader_path/Frameworks";
				PRODUCT_BUNDLE_IDENTIFIER = "Jacqueline-Han.You-are-AwesomeUITests";
				PRODUCT_NAME = "$(TARGET_NAME)";
				SWIFT_VERSION = 4.0;
				TARGETED_DEVICE_FAMILY = "1,2";
				TEST_TARGET_NAME = "You are Awesome";
			};
			name = Debug;
		};
		D6F3B0DB214064EA00DA90A8 /* Release */ = {
			isa = XCBuildConfiguration;
			buildSettings = {
				ALWAYS_EMBED_SWIFT_STANDARD_LIBRARIES = YES;
				CODE_SIGN_STYLE = Automatic;
				INFOPLIST_FILE = "You are AwesomeUITests/Info.plist";
				LD_RUNPATH_SEARCH_PATHS = "$(inherited) @executable_path/Frameworks @loader_path/Frameworks";
				PRODUCT_BUNDLE_IDENTIFIER = "Jacqueline-Han.You-are-AwesomeUITests";
				PRODUCT_NAME = "$(TARGET_NAME)";
				SWIFT_VERSION = 4.0;
				TARGETED_DEVICE_FAMILY = "1,2";
				TEST_TARGET_NAME = "You are Awesome";
			};
			name = Release;
		};
/* End XCBuildConfiguration section */

/* Begin XCConfigurationList section */
		D6F3B0A6214064E900DA90A8 /* Build configuration list for PBXProject "You are Awesome" */ = {
			isa = XCConfigurationList;
			buildConfigurations = (
				D6F3B0D1214064EA00DA90A8 /* Debug */,
				D6F3B0D2214064EA00DA90A8 /* Release */,
			);
			defaultConfigurationIsVisible = 0;
			defaultConfigurationName = Release;
		};
		D6F3B0D3214064EA00DA90A8 /* Build configuration list for PBXNativeTarget "You are Awesome" */ = {
			isa = XCConfigurationList;
			buildConfigurations = (
				D6F3B0D4214064EA00DA90A8 /* Debug */,
				D6F3B0D5214064EA00DA90A8 /* Release */,
			);
			defaultConfigurationIsVisible = 0;
			defaultConfigurationName = Release;
		};
		D6F3B0D6214064EA00DA90A8 /* Build configuration list for PBXNativeTarget "You are AwesomeTests" */ = {
			isa = XCConfigurationList;
			buildConfigurations = (
				D6F3B0D7214064EA00DA90A8 /* Debug */,
				D6F3B0D8214064EA00DA90A8 /* Release */,
			);
			defaultConfigurationIsVisible = 0;
			defaultConfigurationName = Release;
		};
		D6F3B0D9214064EA00DA90A8 /* Build configuration list for PBXNativeTarget "You are AwesomeUITests" */ = {
			isa = XCConfigurationList;
			buildConfigurations = (
				D6F3B0DA214064EA00DA90A8 /* Debug */,
				D6F3B0DB214064EA00DA90A8 /* Release */,
			);
			defaultConfigurationIsVisible = 0;
			defaultConfigurationName = Release;
		};
/* End XCConfigurationList section */
	};
	rootObject = D6F3B0A3214064E900DA90A8 /* Project object */;
}
